{
  "version": 4,
  "terraform_version": "1.14.3",
  "serial": 1,
  "lineage": "2876818d-5905-0232-83e4-75b438c24572",
  "outputs": {},
  "resources": [
    {
      "module": "module.vpc_module_example",
      "mode": "managed",
      "type": "aws_vpc",
      "name": "codepanda_vpc",
      "provider": "provider[\"registry.terraform.io/hashicorp/aws\"]",
      "instances": [
        {
          "schema_version": 1,
          "attributes": {
            "arn": "arn:aws:ec2:ap-south-1:570191920532:vpc/vpc-0611fc04bfcd1bf9d",
            "assign_generated_ipv6_cidr_block": false,
            "cidr_block": "10.0.0.0/16",
            "default_network_acl_id": "acl-02e6514b5d5f40076",
            "default_route_table_id": "rtb-0534229a0855650dd",
            "default_security_group_id": "sg-06f75cf484752ae1e",
            "dhcp_options_id": "dopt-095b6c05610240bbf",
            "enable_dns_hostnames": false,
            "enable_dns_support": true,
            "enable_network_address_usage_metrics": false,
            "id": "vpc-0611fc04bfcd1bf9d",
            "instance_tenancy": "default",
            "ipv4_ipam_pool_id": null,
            "ipv4_netmask_length": null,
            "ipv6_association_id": "",
            "ipv6_cidr_block": "",
            "ipv6_cidr_block_network_border_group": "",
            "ipv6_ipam_pool_id": "",
            "ipv6_netmask_length": 0,
            "main_route_table_id": "rtb-0534229a0855650dd",
            "owner_id": "570191920532",
            "region": "ap-south-1",
            "tags": {
              "Name": "my_vpc",
              "env": "production"
            },
            "tags_all": {
              "Name": "my_vpc",
              "env": "production"
            }
          },
          "sensitive_attributes": [],
          "identity_schema_version": 0,
          "identity": {
            "account_id": "570191920532",
            "id": "vpc-0611fc04bfcd1bf9d",
            "region": "ap-south-1"
          },
          "private": "eyJzY2hlbWFfdmVyc2lvbiI6IjEifQ=="
        }
      ]
    }
  ],
  "check_results": null
}
